
Microsoft Visual Studio Solution File, Format Version 12.00
# Visual Studio Version 17
VisualStudioVersion = 17.14.36414.22 d17.14
MinimumVisualStudioVersion = 10.0.40219.1
Project("{FAE04EC0-301F-11D3-BF4B-00C04F79EFBC}") = "WebSocketServer", "WebSocketServer.csproj", "{84DC2902-9B34-61BD-14C6-FFA90D94C40C}"
EndProject
Global
	GlobalSection(SolutionConfigurationPlatforms) = preSolution
		Debug|Any CPU = Debug|Any CPU
		Release|Any CPU = Release|Any CPU
	EndGlobalSection
	GlobalSection(ProjectConfigurationPlatforms) = postSolution
		{84DC2902-9B34-61BD-14C6-FFA90D94C40C}.Debug|Any CPU.ActiveCfg = Debug|Any CPU
		{84DC2902-9B34-61BD-14C6-FFA90D94C40C}.Debug|Any CPU.Build.0 = Debug|Any CPU
		{84DC2902-9B34-61BD-14C6-FFA90D94C40C}.Release|Any CPU.ActiveCfg = Release|Any CPU
		{84DC2902-9B34-61BD-14C6-FFA90D94C40C}.Release|Any CPU.Build.0 = Release|Any CPU
	EndGlobalSection
	GlobalSection(SolutionProperties) = preSolution
		HideSolutionNode = FALSE
	EndGlobalSection
	GlobalSection(ExtensibilityGlobals) = postSolution
		SolutionGuid = {590ECDD0-9B96-4711-96E1-E8E908037F02}
	EndGlobalSection
EndGlobal
